// !$*UTF8*$!
{
	archiveVersion = 1;
	classes = {
	};
	objectVersion = 51;
	objects = {

/* Begin PBXBuildFile section */
		413DAB5D25ECB1B600F545B2 /* AppDelegate.swift in Sources */ = {isa = PBXBuildFile; fileRef = 413DAB5C25ECB1B600F545B2 /* AppDelegate.swift */; };
		413DAB5F25ECB1B600F545B2 /* SceneDelegate.swift in Sources */ = {isa = PBXBuildFile; fileRef = 413DAB5E25ECB1B600F545B2 /* SceneDelegate.swift */; };
		413DAB6125ECB1B600F545B2 /* ViewController.swift in Sources */ = {isa = PBXBuildFile; fileRef = 413DAB6025ECB1B600F545B2 /* ViewController.swift */; };
		413DAB6425ECB1B600F545B2 /* Main.storyboard in Resources */ = {isa = PBXBuildFile; fileRef = 413DAB6225ECB1B600F545B2 /* Main.storyboard */; };
		413DAB6625ECB1B700F545B2 /* Assets.xcassets in Resources */ = {isa = PBXBuildFile; fileRef = 413DAB6525ECB1B700F545B2 /* Assets.xcassets */; };
		413DAB6925ECB1B700F545B2 /* LaunchScreen.storyboard in Resources */ = {isa = PBXBuildFile; fileRef = 413DAB6725ECB1B700F545B2 /* LaunchScreen.storyboard */; };
		413DAB7A25ECB3FF00F545B2 /* MainTabController.swift in Sources */ = {isa = PBXBuildFile; fileRef = 413DAB7925ECB3FF00F545B2 /* MainTabController.swift */; };
		413DAB7D25ECB4CD00F545B2 /* Note.swift in Sources */ = {isa = PBXBuildFile; fileRef = 413DAB7C25ECB4CD00F545B2 /* Note.swift */; };
		413DAB8025ECB5CC00F545B2 /* FeedController.swift in Sources */ = {isa = PBXBuildFile; fileRef = 413DAB7F25ECB5CC00F545B2 /* FeedController.swift */; };
		413DAB8425ECB5D700F545B2 /* SearchController.swift in Sources */ = {isa = PBXBuildFile; fileRef = 413DAB8325ECB5D700F545B2 /* SearchController.swift */; };
		413DAB8725ECB5EE00F545B2 /* ImageSelectorController.swift in Sources */ = {isa = PBXBuildFile; fileRef = 413DAB8625ECB5EE00F545B2 /* ImageSelectorController.swift */; };
		413DAB8A25ECB5FB00F545B2 /* NotificationController.swift in Sources */ = {isa = PBXBuildFile; fileRef = 413DAB8925ECB5FB00F545B2 /* NotificationController.swift */; };
		413DAB8D25ECB60500F545B2 /* ProfileController.swift in Sources */ = {isa = PBXBuildFile; fileRef = 413DAB8C25ECB60500F545B2 /* ProfileController.swift */; };
		414427BD25EF514100583888 /* LoginController.swift in Sources */ = {isa = PBXBuildFile; fileRef = 414427BC25EF514100583888 /* LoginController.swift */; };
		414427C025EF514C00583888 /* RegistrationController.swift in Sources */ = {isa = PBXBuildFile; fileRef = 414427BF25EF514C00583888 /* RegistrationController.swift */; };
		414427C425EF5E4400583888 /* CustomTextField.swift in Sources */ = {isa = PBXBuildFile; fileRef = 414427C325EF5E4400583888 /* CustomTextField.swift */; };
		414A673225F2BB22001687E0 /* ImageUploader.swift in Sources */ = {isa = PBXBuildFile; fileRef = 414A673125F2BB22001687E0 /* ImageUploader.swift */; };
		414A673525F2BB2C001687E0 /* AuthService.swift in Sources */ = {isa = PBXBuildFile; fileRef = 414A673425F2BB2C001687E0 /* AuthService.swift */; };
		415736FC25F7D46700DA165A /* UserCell.swift in Sources */ = {isa = PBXBuildFile; fileRef = 415736FB25F7D46700DA165A /* UserCell.swift */; };
		415736FF25F8685500DA165A /* UserCellViewModel.swift in Sources */ = {isa = PBXBuildFile; fileRef = 415736FE25F8685500DA165A /* UserCellViewModel.swift */; };
		416D867025F1646E00B52419 /* AuthenticationViewModel.swift in Sources */ = {isa = PBXBuildFile; fileRef = 416D866F25F1646E00B52419 /* AuthenticationViewModel.swift */; };
		41BC897525F6B40000A524E5 /* ProfileHeaderViewModel.swift in Sources */ = {isa = PBXBuildFile; fileRef = 41BC897425F6B40000A524E5 /* ProfileHeaderViewModel.swift */; };
		41BC949525F5693A00E26D8C /* UserService.swift in Sources */ = {isa = PBXBuildFile; fileRef = 41BC949425F5693A00E26D8C /* UserService.swift */; };
		41BC949825F569AC00E26D8C /* Constants.swift in Sources */ = {isa = PBXBuildFile; fileRef = 41BC949725F569AC00E26D8C /* Constants.swift */; };
		41BC949C25F56B9E00E26D8C /* User.swift in Sources */ = {isa = PBXBuildFile; fileRef = 41BC949B25F56B9E00E26D8C /* User.swift */; };
		41BE7C8125F54ADD00F8F843 /* ProfileCell.swift in Sources */ = {isa = PBXBuildFile; fileRef = 41BE7C8025F54ADD00F8F843 /* ProfileCell.swift */; };
		41BE7C8425F54AED00F8F843 /* ProfileHeader.swift in Sources */ = {isa = PBXBuildFile; fileRef = 41BE7C8325F54AED00F8F843 /* ProfileHeader.swift */; };
		41D251FA25ED7CAD00B011B7 /* FeedCell.swift in Sources */ = {isa = PBXBuildFile; fileRef = 41D251F925ED7CAD00B011B7 /* FeedCell.swift */; };
		41D251FD25ED7E2C00B011B7 /* Extensions.swift in Sources */ = {isa = PBXBuildFile; fileRef = 41D251FC25ED7E2C00B011B7 /* Extensions.swift */; };
		41F87A9B25F2DDFD00403348 /* GoogleService-Info.plist in Resources */ = {isa = PBXBuildFile; fileRef = 41F87A9A25F2DDFD00403348 /* GoogleService-Info.plist */; };
		7B25481E71CB3977B38DF0A1 /* Pods_InstagramClone.framework in Frameworks */ = {isa = PBXBuildFile; fileRef = 7EDC881D41C4ABE4891A2814 /* Pods_InstagramClone.framework */; };
/* End PBXBuildFile section */

/* Begin PBXFileReference section */
		1C3040B0B4BFCF9617E2C193 /* Pods-InstagramClone.debug.xcconfig */ = {isa = PBXFileReference; includeInIndex = 1; lastKnownFileType = text.xcconfig; name = "Pods-InstagramClone.debug.xcconfig"; path = "Target Support Files/Pods-InstagramClone/Pods-InstagramClone.debug.xcconfig"; sourceTree = "<group>"; };
		413DAB5925ECB1B600F545B2 /* InstagramClone.app */ = {isa = PBXFileReference; explicitFileType = wrapper.application; includeInIndex = 0; path = InstagramClone.app; sourceTree = BUILT_PRODUCTS_DIR; };
		413DAB5C25ECB1B600F545B2 /* AppDelegate.swift */ = {isa = PBXFileReference; lastKnownFileType = sourcecode.swift; path = AppDelegate.swift; sourceTree = "<group>"; };
		413DAB5E25ECB1B600F545B2 /* SceneDelegate.swift */ = {isa = PBXFileReference; lastKnownFileType = sourcecode.swift; path = SceneDelegate.swift; sourceTree = "<group>"; };
		413DAB6025ECB1B600F545B2 /* ViewController.swift */ = {isa = PBXFileReference; lastKnownFileType = sourcecode.swift; path = ViewController.swift; sourceTree = "<group>"; };
		413DAB6325ECB1B600F545B2 /* Base */ = {isa = PBXFileReference; lastKnownFileType = file.storyboard; name = Base; path = Base.lproj/Main.storyboard; sourceTree = "<group>"; };
		413DAB6525ECB1B700F545B2 /* Assets.xcassets */ = {isa = PBXFileReference; lastKnownFileType = folder.assetcatalog; path = Assets.xcassets; sourceTree = "<group>"; };
		413DAB6825ECB1B700F545B2 /* Base */ = {isa = PBXFileReference; lastKnownFileType = file.storyboard; name = Base; path = Base.lproj/LaunchScreen.storyboard; sourceTree = "<group>"; };
		413DAB6A25ECB1B700F545B2 /* Info.plist */ = {isa = PBXFileReference; lastKnownFileType = text.plist.xml; path = Info.plist; sourceTree = "<group>"; };
		413DAB7925ECB3FF00F545B2 /* MainTabController.swift */ = {isa = PBXFileReference; lastKnownFileType = sourcecode.swift; path = MainTabController.swift; sourceTree = "<group>"; };
		413DAB7C25ECB4CD00F545B2 /* Note.swift */ = {isa = PBXFileReference; lastKnownFileType = sourcecode.swift; path = Note.swift; sourceTree = "<group>"; };
		413DAB7F25ECB5CC00F545B2 /* FeedController.swift */ = {isa = PBXFileReference; lastKnownFileType = sourcecode.swift; path = FeedController.swift; sourceTree = "<group>"; };
		413DAB8325ECB5D700F545B2 /* SearchController.swift */ = {isa = PBXFileReference; lastKnownFileType = sourcecode.swift; path = SearchController.swift; sourceTree = "<group>"; };
		413DAB8625ECB5EE00F545B2 /* ImageSelectorController.swift */ = {isa = PBXFileReference; lastKnownFileType = sourcecode.swift; path = ImageSelectorController.swift; sourceTree = "<group>"; };
		413DAB8925ECB5FB00F545B2 /* NotificationController.swift */ = {isa = PBXFileReference; lastKnownFileType = sourcecode.swift; path = NotificationController.swift; sourceTree = "<group>"; };
		413DAB8C25ECB60500F545B2 /* ProfileController.swift */ = {isa = PBXFileReference; lastKnownFileType = sourcecode.swift; path = ProfileController.swift; sourceTree = "<group>"; };
		414427BC25EF514100583888 /* LoginController.swift */ = {isa = PBXFileReference; lastKnownFileType = sourcecode.swift; path = LoginController.swift; sourceTree = "<group>"; };
		414427BF25EF514C00583888 /* RegistrationController.swift */ = {isa = PBXFileReference; lastKnownFileType = sourcecode.swift; path = RegistrationController.swift; sourceTree = "<group>"; };
		414427C325EF5E4400583888 /* CustomTextField.swift */ = {isa = PBXFileReference; lastKnownFileType = sourcecode.swift; path = CustomTextField.swift; sourceTree = "<group>"; };
		414A673125F2BB22001687E0 /* ImageUploader.swift */ = {isa = PBXFileReference; lastKnownFileType = sourcecode.swift; path = ImageUploader.swift; sourceTree = "<group>"; };
		414A673425F2BB2C001687E0 /* AuthService.swift */ = {isa = PBXFileReference; lastKnownFileType = sourcecode.swift; path = AuthService.swift; sourceTree = "<group>"; };
		415736FB25F7D46700DA165A /* UserCell.swift */ = {isa = PBXFileReference; lastKnownFileType = sourcecode.swift; path = UserCell.swift; sourceTree = "<group>"; };
		415736FE25F8685500DA165A /* UserCellViewModel.swift */ = {isa = PBXFileReference; lastKnownFileType = sourcecode.swift; path = UserCellViewModel.swift; sourceTree = "<group>"; };
		416D866F25F1646E00B52419 /* AuthenticationViewModel.swift */ = {isa = PBXFileReference; lastKnownFileType = sourcecode.swift; path = AuthenticationViewModel.swift; sourceTree = "<group>"; };
		41BC897425F6B40000A524E5 /* ProfileHeaderViewModel.swift */ = {isa = PBXFileReference; lastKnownFileType = sourcecode.swift; path = ProfileHeaderViewModel.swift; sourceTree = "<group>"; };
		41BC949425F5693A00E26D8C /* UserService.swift */ = {isa = PBXFileReference; lastKnownFileType = sourcecode.swift; path = UserService.swift; sourceTree = "<group>"; };
		41BC949725F569AC00E26D8C /* Constants.swift */ = {isa = PBXFileReference; lastKnownFileType = sourcecode.swift; path = Constants.swift; sourceTree = "<group>"; };
		41BC949B25F56B9E00E26D8C /* User.swift */ = {isa = PBXFileReference; lastKnownFileType = sourcecode.swift; path = User.swift; sourceTree = "<group>"; };
		41BE7C8025F54ADD00F8F843 /* ProfileCell.swift */ = {isa = PBXFileReference; lastKnownFileType = sourcecode.swift; path = ProfileCell.swift; sourceTree = "<group>"; };
		41BE7C8325F54AED00F8F843 /* ProfileHeader.swift */ = {isa = PBXFileReference; lastKnownFileType = sourcecode.swift; path = ProfileHeader.swift; sourceTree = "<group>"; };
		41D251F925ED7CAD00B011B7 /* FeedCell.swift */ = {isa = PBXFileReference; lastKnownFileType = sourcecode.swift; path = FeedCell.swift; sourceTree = "<group>"; };
		41D251FC25ED7E2C00B011B7 /* Extensions.swift */ = {isa = PBXFileReference; lastKnownFileType = sourcecode.swift; path = Extensions.swift; sourceTree = "<group>"; };
		41F87A9A25F2DDFD00403348 /* GoogleService-Info.plist */ = {isa = PBXFileReference; fileEncoding = 4; lastKnownFileType = text.plist.xml; path = "GoogleService-Info.plist"; sourceTree = "<group>"; };
		7EDC881D41C4ABE4891A2814 /* Pods_InstagramClone.framework */ = {isa = PBXFileReference; explicitFileType = wrapper.framework; includeInIndex = 0; path = Pods_InstagramClone.framework; sourceTree = BUILT_PRODUCTS_DIR; };
		8ACBD97D2BEF8A6AD123EEBD /* Pods-InstagramClone.release.xcconfig */ = {isa = PBXFileReference; includeInIndex = 1; lastKnownFileType = text.xcconfig; name = "Pods-InstagramClone.release.xcconfig"; path = "Target Support Files/Pods-InstagramClone/Pods-InstagramClone.release.xcconfig"; sourceTree = "<group>"; };
/* End PBXFileReference section */

/* Begin PBXFrameworksBuildPhase section */
		413DAB5625ECB1B600F545B2 /* Frameworks */ = {
			isa = PBXFrameworksBuildPhase;
			buildActionMask = 2147483647;
			files = (
				7B25481E71CB3977B38DF0A1 /* Pods_InstagramClone.framework in Frameworks */,
			);
			runOnlyForDeploymentPostprocessing = 0;
		};
/* End PBXFrameworksBuildPhase section */

/* Begin PBXGroup section */
		0B795B6C73CA0771DDF6F347 /* Pods */ = {
			isa = PBXGroup;
			children = (
				1C3040B0B4BFCF9617E2C193 /* Pods-InstagramClone.debug.xcconfig */,
				8ACBD97D2BEF8A6AD123EEBD /* Pods-InstagramClone.release.xcconfig */,
			);
			path = Pods;
			sourceTree = "<group>";
		};
		413DAB5025ECB1B600F545B2 = {
			isa = PBXGroup;
			children = (
				413DAB7C25ECB4CD00F545B2 /* Note.swift */,
				413DAB5B25ECB1B600F545B2 /* InstagramClone */,
				413DAB5A25ECB1B600F545B2 /* Products */,
				0B795B6C73CA0771DDF6F347 /* Pods */,
				5FC6955DB775AE774F09211A /* Frameworks */,
			);
			sourceTree = "<group>";
		};
		413DAB5A25ECB1B600F545B2 /* Products */ = {
			isa = PBXGroup;
			children = (
				413DAB5925ECB1B600F545B2 /* InstagramClone.app */,
			);
			name = Products;
			sourceTree = "<group>";
		};
		413DAB5B25ECB1B600F545B2 /* InstagramClone */ = {
			isa = PBXGroup;
			children = (
				413DAB7725ECB27600F545B2 /* Model */,
				413DAB7625ECB26B00F545B2 /* View */,
				413DAB7525ECB26700F545B2 /* ViewModel */,
				413DAB7425ECB26300F545B2 /* Controllers */,
				413DAB7225ECB25200F545B2 /* API calls */,
				413DAB7325ECB25B00F545B2 /* Utilities */,
				413DAB5C25ECB1B600F545B2 /* AppDelegate.swift */,
				413DAB5E25ECB1B600F545B2 /* SceneDelegate.swift */,
				413DAB6025ECB1B600F545B2 /* ViewController.swift */,
				413DAB6225ECB1B600F545B2 /* Main.storyboard */,
				413DAB6525ECB1B700F545B2 /* Assets.xcassets */,
				41F87A9A25F2DDFD00403348 /* GoogleService-Info.plist */,
				413DAB6725ECB1B700F545B2 /* LaunchScreen.storyboard */,
				413DAB6A25ECB1B700F545B2 /* Info.plist */,
			);
			path = InstagramClone;
			sourceTree = "<group>";
		};
		413DAB7225ECB25200F545B2 /* API calls */ = {
			isa = PBXGroup;
			children = (
				414A673125F2BB22001687E0 /* ImageUploader.swift */,
				414A673425F2BB2C001687E0 /* AuthService.swift */,
				41BC949425F5693A00E26D8C /* UserService.swift */,
			);
			path = "API calls";
			sourceTree = "<group>";
		};
		413DAB7325ECB25B00F545B2 /* Utilities */ = {
			isa = PBXGroup;
			children = (
				41D251FC25ED7E2C00B011B7 /* Extensions.swift */,
				41BC949725F569AC00E26D8C /* Constants.swift */,
			);
			path = Utilities;
			sourceTree = "<group>";
		};
		413DAB7425ECB26300F545B2 /* Controllers */ = {
			isa = PBXGroup;
			children = (
				413DAB7925ECB3FF00F545B2 /* MainTabController.swift */,
				414427BB25EF512800583888 /* Authentication */,
				413DAB7F25ECB5CC00F545B2 /* FeedController.swift */,
				413DAB8325ECB5D700F545B2 /* SearchController.swift */,
				413DAB8625ECB5EE00F545B2 /* ImageSelectorController.swift */,
				413DAB8925ECB5FB00F545B2 /* NotificationController.swift */,
				413DAB8C25ECB60500F545B2 /* ProfileController.swift */,
			);
			path = Controllers;
			sourceTree = "<group>";
		};
		413DAB7525ECB26700F545B2 /* ViewModel */ = {
			isa = PBXGroup;
			children = (
				416D866F25F1646E00B52419 /* AuthenticationViewModel.swift */,
				41BC897425F6B40000A524E5 /* ProfileHeaderViewModel.swift */,
				415736FE25F8685500DA165A /* UserCellViewModel.swift */,
			);
			path = ViewModel;
			sourceTree = "<group>";
		};
		413DAB7625ECB26B00F545B2 /* View */ = {
			isa = PBXGroup;
			children = (
				41D251F925ED7CAD00B011B7 /* FeedCell.swift */,
				414427C325EF5E4400583888 /* CustomTextField.swift */,
				41BE7C8625F54AF500F8F843 /* Profile */,
				415736FB25F7D46700DA165A /* UserCell.swift */,
			);
			path = View;
			sourceTree = "<group>";
		};
		413DAB7725ECB27600F545B2 /* Model */ = {
			isa = PBXGroup;
			children = (
				41BC949B25F56B9E00E26D8C /* User.swift */,
			);
			path = Model;
			sourceTree = "<group>";
		};
		414427BB25EF512800583888 /* Authentication */ = {
			isa = PBXGroup;
			children = (
				414427BC25EF514100583888 /* LoginController.swift */,
				414427BF25EF514C00583888 /* RegistrationController.swift */,
			);
			path = Authentication;
			sourceTree = "<group>";
		};
		41BE7C8625F54AF500F8F843 /* Profile */ = {
			isa = PBXGroup;
			children = (
				41BE7C8025F54ADD00F8F843 /* ProfileCell.swift */,
				41BE7C8325F54AED00F8F843 /* ProfileHeader.swift */,
			);
			path = Profile;
			sourceTree = "<group>";
		};
		5FC6955DB775AE774F09211A /* Frameworks */ = {
			isa = PBXGroup;
			children = (
				7EDC881D41C4ABE4891A2814 /* Pods_InstagramClone.framework */,
			);
			name = Frameworks;
			sourceTree = "<group>";
		};
/* End PBXGroup section */

/* Begin PBXNativeTarget section */
		413DAB5825ECB1B600F545B2 /* InstagramClone */ = {
			isa = PBXNativeTarget;
			buildConfigurationList = 413DAB6D25ECB1B700F545B2 /* Build configuration list for PBXNativeTarget "InstagramClone" */;
			buildPhases = (
				0DD23445F8F209A97C7C5C72 /* [CP] Check Pods Manifest.lock */,
				413DAB5525ECB1B600F545B2 /* Sources */,
				413DAB5625ECB1B600F545B2 /* Frameworks */,
				413DAB5725ECB1B600F545B2 /* Resources */,
				5A50E64FA4F3570322375C97 /* [CP] Embed Pods Frameworks */,
			);
			buildRules = (
			);
			dependencies = (
			);
			name = InstagramClone;
			productName = InstagramClone;
			productReference = 413DAB5925ECB1B600F545B2 /* InstagramClone.app */;
			productType = "com.apple.product-type.application";
		};
/* End PBXNativeTarget section */

/* Begin PBXProject section */
		413DAB5125ECB1B600F545B2 /* Project object */ = {
			isa = PBXProject;
			attributes = {
				LastSwiftUpdateCheck = 1240;
				LastUpgradeCheck = 1240;
				TargetAttributes = {
					413DAB5825ECB1B600F545B2 = {
						CreatedOnToolsVersion = 12.4;
					};
				};
			};
			buildConfigurationList = 413DAB5425ECB1B600F545B2 /* Build configuration list for PBXProject "InstagramClone" */;
			compatibilityVersion = "Xcode 9.3";
			developmentRegion = en;
			hasScannedForEncodings = 0;
			knownRegions = (
				en,
				Base,
			);
			mainGroup = 413DAB5025ECB1B600F545B2;
			productRefGroup = 413DAB5A25ECB1B600F545B2 /* Products */;
			projectDirPath = "";
			projectRoot = "";
			targets = (
				413DAB5825ECB1B600F545B2 /* InstagramClone */,
			);
		};
/* End PBXProject section */

/* Begin PBXResourcesBuildPhase section */
		413DAB5725ECB1B600F545B2 /* Resources */ = {
			isa = PBXResourcesBuildPhase;
			buildActionMask = 2147483647;
			files = (
				413DAB6925ECB1B700F545B2 /* LaunchScreen.storyboard in Resources */,
				413DAB6625ECB1B700F545B2 /* Assets.xcassets in Resources */,
				41F87A9B25F2DDFD00403348 /* GoogleService-Info.plist in Resources */,
				413DAB6425ECB1B600F545B2 /* Main.storyboard in Resources */,
			);
			runOnlyForDeploymentPostprocessing = 0;
		};
/* End PBXResourcesBuildPhase section */

/* Begin PBXShellScriptBuildPhase section */
		0DD23445F8F209A97C7C5C72 /* [CP] Check Pods Manifest.lock */ = {
			isa = PBXShellScriptBuildPhase;
			buildActionMask = 2147483647;
			files = (
			);
			inputFileListPaths = (
			);
			inputPaths = (
				"${PODS_PODFILE_DIR_PATH}/Podfile.lock",
				"${PODS_ROOT}/Manifest.lock",
			);
			name = "[CP] Check Pods Manifest.lock";
			outputFileListPaths = (
			);
			outputPaths = (
				"$(DERIVED_FILE_DIR)/Pods-InstagramClone-checkManifestLockResult.txt",
			);
			runOnlyForDeploymentPostprocessing = 0;
			shellPath = /bin/sh;
			shellScript = "diff \"${PODS_PODFILE_DIR_PATH}/Podfile.lock\" \"${PODS_ROOT}/Manifest.lock\" > /dev/null\nif [ $? != 0 ] ; then\n    # print error to STDERR\n    echo \"error: The sandbox is not in sync with the Podfile.lock. Run 'pod install' or update your CocoaPods installation.\" >&2\n    exit 1\nfi\n# This output is used by Xcode 'outputs' to avoid re-running this script phase.\necho \"SUCCESS\" > \"${SCRIPT_OUTPUT_FILE_0}\"\n";
			showEnvVarsInLog = 0;
		};
		5A50E64FA4F3570322375C97 /* [CP] Embed Pods Frameworks */ = {
			isa = PBXShellScriptBuildPhase;
			buildActionMask = 2147483647;
			files = (
			);
			inputFileListPaths = (
				"${PODS_ROOT}/Target Support Files/Pods-InstagramClone/Pods-InstagramClone-frameworks-${CONFIGURATION}-input-files.xcfilelist",
			);
			name = "[CP] Embed Pods Frameworks";
			outputFileListPaths = (
				"${PODS_ROOT}/Target Support Files/Pods-InstagramClone/Pods-InstagramClone-frameworks-${CONFIGURATION}-output-files.xcfilelist",
			);
			runOnlyForDeploymentPostprocessing = 0;
			shellPath = /bin/sh;
			shellScript = "\"${PODS_ROOT}/Target Support Files/Pods-InstagramClone/Pods-InstagramClone-frameworks.sh\"\n";
			showEnvVarsInLog = 0;
		};
/* End PBXShellScriptBuildPhase section */

/* Begin PBXSourcesBuildPhase section */
		413DAB5525ECB1B600F545B2 /* Sources */ = {
			isa = PBXSourcesBuildPhase;
			buildActionMask = 2147483647;
			files = (
				413DAB8725ECB5EE00F545B2 /* ImageSelectorController.swift in Sources */,
				41BC949825F569AC00E26D8C /* Constants.swift in Sources */,
				41D251FD25ED7E2C00B011B7 /* Extensions.swift in Sources */,
				414A673225F2BB22001687E0 /* ImageUploader.swift in Sources */,
				414A673525F2BB2C001687E0 /* AuthService.swift in Sources */,
				41BC897525F6B40000A524E5 /* ProfileHeaderViewModel.swift in Sources */,
				413DAB7D25ECB4CD00F545B2 /* Note.swift in Sources */,
				414427BD25EF514100583888 /* LoginController.swift in Sources */,
				416D867025F1646E00B52419 /* AuthenticationViewModel.swift in Sources */,
				413DAB8025ECB5CC00F545B2 /* FeedController.swift in Sources */,
				41BE7C8425F54AED00F8F843 /* ProfileHeader.swift in Sources */,
				413DAB6125ECB1B600F545B2 /* ViewController.swift in Sources */,
				41D251FA25ED7CAD00B011B7 /* FeedCell.swift in Sources */,
				415736FC25F7D46700DA165A /* UserCell.swift in Sources */,
				413DAB8425ECB5D700F545B2 /* SearchController.swift in Sources */,
				415736FF25F8685500DA165A /* UserCellViewModel.swift in Sources */,
				413DAB8D25ECB60500F545B2 /* ProfileController.swift in Sources */,
				414427C025EF514C00583888 /* RegistrationController.swift in Sources */,
				413DAB5D25ECB1B600F545B2 /* AppDelegate.swift in Sources */,
				41BC949525F5693A00E26D8C /* UserService.swift in Sources */,
				413DAB8A25ECB5FB00F545B2 /* NotificationController.swift in Sources */,
				41BE7C8125F54ADD00F8F843 /* ProfileCell.swift in Sources */,
				413DAB7A25ECB3FF00F545B2 /* MainTabController.swift in Sources */,
				413DAB5F25ECB1B600F545B2 /* SceneDelegate.swift in Sources */,
				414427C425EF5E4400583888 /* CustomTextField.swift in Sources */,
				41BC949C25F56B9E00E26D8C /* User.swift in Sources */,
			);
			runOnlyForDeploymentPostprocessing = 0;
		};
/* End PBXSourcesBuildPhase section */

/* Begin PBXVariantGroup section */
		413DAB6225ECB1B600F545B2 /* Main.storyboard */ = {
			isa = PBXVariantGroup;
			children = (
				413DAB6325ECB1B600F545B2 /* Base */,
			);
			name = Main.storyboard;
			sourceTree = "<group>";
		};
		413DAB6725ECB1B700F545B2 /* LaunchScreen.storyboard */ = {
			isa = PBXVariantGroup;
			children = (
				413DAB6825ECB1B700F545B2 /* Base */,
			);
			name = LaunchScreen.storyboard;
			sourceTree = "<group>";
		};
/* End PBXVariantGroup section */

/* Begin XCBuildConfiguration section */
		413DAB6B25ECB1B700F545B2 /* Debug */ = {
			isa = XCBuildConfiguration;
			buildSettings = {
				ALWAYS_SEARCH_USER_PATHS = NO;
				CLANG_ANALYZER_NONNULL = YES;
				CLANG_ANALYZER_NUMBER_OBJECT_CONVERSION = YES_AGGRESSIVE;
				CLANG_CXX_LANGUAGE_STANDARD = "gnu++14";
				CLANG_CXX_LIBRARY = "libc++";
				CLANG_ENABLE_MODULES = YES;
				CLANG_ENABLE_OBJC_ARC = YES;
				CLANG_ENABLE_OBJC_WEAK = YES;
				CLANG_WARN_BLOCK_CAPTURE_AUTORELEASING = YES;
				CLANG_WARN_BOOL_CONVERSION = YES;
				CLANG_WARN_COMMA = YES;
				CLANG_WARN_CONSTANT_CONVERSION = YES;
				CLANG_WARN_DEPRECATED_OBJC_IMPLEMENTATIONS = YES;
				CLANG_WARN_DIRECT_OBJC_ISA_USAGE = YES_ERROR;
				CLANG_WARN_DOCUMENTATION_COMMENTS = YES;
				CLANG_WARN_EMPTY_BODY = YES;
				CLANG_WARN_ENUM_CONVERSION = YES;
				CLANG_WARN_INFINITE_RECURSION = YES;
				CLANG_WARN_INT_CONVERSION = YES;
				CLANG_WARN_NON_LITERAL_NULL_CONVERSION = YES;
				CLANG_WARN_OBJC_IMPLICIT_RETAIN_SELF = YES;
				CLANG_WARN_OBJC_LITERAL_CONVERSION = YES;
				CLANG_WARN_OBJC_ROOT_CLASS = YES_ERROR;
				CLANG_WARN_QUOTED_INCLUDE_IN_FRAMEWORK_HEADER = YES;
				CLANG_WARN_RANGE_LOOP_ANALYSIS = YES;
				CLANG_WARN_STRICT_PROTOTYPES = YES;
				CLANG_WARN_SUSPICIOUS_MOVE = YES;
				CLANG_WARN_UNGUARDED_AVAILABILITY = YES_AGGRESSIVE;
				CLANG_WARN_UNREACHABLE_CODE = YES;
				CLANG_WARN__DUPLICATE_METHOD_MATCH = YES;
				COPY_PHASE_STRIP = NO;
				DEBUG_INFORMATION_FORMAT = dwarf;
				ENABLE_STRICT_OBJC_MSGSEND = YES;
				ENABLE_TESTABILITY = YES;
				GCC_C_LANGUAGE_STANDARD = gnu11;
				GCC_DYNAMIC_NO_PIC = NO;
				GCC_NO_COMMON_BLOCKS = YES;
				GCC_OPTIMIZATION_LEVEL = 0;
				GCC_PREPROCESSOR_DEFINITIONS = (
					"DEBUG=1",
					"$(inherited)",
				);
				GCC_WARN_64_TO_32_BIT_CONVERSION = YES;
				GCC_WARN_ABOUT_RETURN_TYPE = YES_ERROR;
				GCC_WARN_UNDECLARED_SELECTOR = YES;
				GCC_WARN_UNINITIALIZED_AUTOS = YES_AGGRESSIVE;
				GCC_WARN_UNUSED_FUNCTION = YES;
				GCC_WARN_UNUSED_VARIABLE = YES;
				IPHONEOS_DEPLOYMENT_TARGET = 14.4;
				MTL_ENABLE_DEBUG_INFO = INCLUDE_SOURCE;
				MTL_FAST_MATH = YES;
				ONLY_ACTIVE_ARCH = YES;
				SDKROOT = iphoneos;
				SWIFT_ACTIVE_COMPILATION_CONDITIONS = DEBUG;
				SWIFT_OPTIMIZATION_LEVEL = "-Onone";
			};
			name = Debug;
		};
		413DAB6C25ECB1B700F545B2 /* Release */ = {
			isa = XCBuildConfiguration;
			buildSettings = {
				ALWAYS_SEARCH_USER_PATHS = NO;
				CLANG_ANALYZER_NONNULL = YES;
				CLANG_ANALYZER_NUMBER_OBJECT_CONVERSION = YES_AGGRESSIVE;
				CLANG_CXX_LANGUAGE_STANDARD = "gnu++14";
				CLANG_CXX_LIBRARY = "libc++";
				CLANG_ENABLE_MODULES = YES;
				CLANG_ENABLE_OBJC_ARC = YES;
				CLANG_ENABLE_OBJC_WEAK = YES;
				CLANG_WARN_BLOCK_CAPTURE_AUTORELEASING = YES;
				CLANG_WARN_BOOL_CONVERSION = YES;
				CLANG_WARN_COMMA = YES;
				CLANG_WARN_CONSTANT_CONVERSION = YES;
				CLANG_WARN_DEPRECATED_OBJC_IMPLEMENTATIONS = YES;
				CLANG_WARN_DIRECT_OBJC_ISA_USAGE = YES_ERROR;
				CLANG_WARN_DOCUMENTATION_COMMENTS = YES;
				CLANG_WARN_EMPTY_BODY = YES;
				CLANG_WARN_ENUM_CONVERSION = YES;
				CLANG_WARN_INFINITE_RECURSION = YES;
				CLANG_WARN_INT_CONVERSION = YES;
				CLANG_WARN_NON_LITERAL_NULL_CONVERSION = YES;
				CLANG_WARN_OBJC_IMPLICIT_RETAIN_SELF = YES;
				CLANG_WARN_OBJC_LITERAL_CONVERSION = YES;
				CLANG_WARN_OBJC_ROOT_CLASS = YES_ERROR;
				CLANG_WARN_QUOTED_INCLUDE_IN_FRAMEWORK_HEADER = YES;
				CLANG_WARN_RANGE_LOOP_ANALYSIS = YES;
				CLANG_WARN_STRICT_PROTOTYPES = YES;
				CLANG_WARN_SUSPICIOUS_MOVE = YES;
				CLANG_WARN_UNGUARDED_AVAILABILITY = YES_AGGRESSIVE;
				CLANG_WARN_UNREACHABLE_CODE = YES;
				CLANG_WARN__DUPLICATE_METHOD_MATCH = YES;
				COPY_PHASE_STRIP = NO;
				DEBUG_INFORMATION_FORMAT = "dwarf-with-dsym";
				ENABLE_NS_ASSERTIONS = NO;
				ENABLE_STRICT_OBJC_MSGSEND = YES;
				GCC_C_LANGUAGE_STANDARD = gnu11;
				GCC_NO_COMMON_BLOCKS = YES;
				GCC_WARN_64_TO_32_BIT_CONVERSION = YES;
				GCC_WARN_ABOUT_RETURN_TYPE = YES_ERROR;
				GCC_WARN_UNDECLARED_SELECTOR = YES;
				GCC_WARN_UNINITIALIZED_AUTOS = YES_AGGRESSIVE;
				GCC_WARN_UNUSED_FUNCTION = YES;
				GCC_WARN_UNUSED_VARIABLE = YES;
				IPHONEOS_DEPLOYMENT_TARGET = 14.4;
				MTL_ENABLE_DEBUG_INFO = NO;
				MTL_FAST_MATH = YES;
				SDKROOT = iphoneos;
				SWIFT_COMPILATION_MODE = wholemodule;
				SWIFT_OPTIMIZATION_LEVEL = "-O";
				VALIDATE_PRODUCT = YES;
			};
			name = Release;
		};
		413DAB6E25ECB1B700F545B2 /* Debug */ = {
			isa = XCBuildConfiguration;
			baseConfigurationReference = 1C3040B0B4BFCF9617E2C193 /* Pods-InstagramClone.debug.xcconfig */;
			buildSettings = {
				ASSETCATALOG_COMPILER_APPICON_NAME = AppIcon;
				ASSETCATALOG_COMPILER_GLOBAL_ACCENT_COLOR_NAME = AccentColor;
				CODE_SIGN_STYLE = Automatic;
				DEVELOPMENT_TEAM = MW9LW989JF;
				INFOPLIST_FILE = InstagramClone/Info.plist;
				LD_RUNPATH_SEARCH_PATHS = (
					"$(inherited)",
					"@executable_path/Frameworks",
				);
				PRODUCT_BUNDLE_IDENTIFIER = com.LongNguyen39.InstagramClone;
				PRODUCT_NAME = "$(TARGET_NAME)";
				SWIFT_VERSION = 5.0;
				TARGETED_DEVICE_FAMILY = 1;
			};
			name = Debug;
		};
		413DAB6F25ECB1B700F545B2 /* Release */ = {
			isa = XCBuildConfiguration;
			baseConfigurationReference = 8ACBD97D2BEF8A6AD123EEBD /* Pods-InstagramClone.release.xcconfig */;
			buildSettings = {
				ASSETCATALOG_COMPILER_APPICON_NAME = AppIcon;
				ASSETCATALOG_COMPILER_GLOBAL_ACCENT_COLOR_NAME = AccentColor;
				CODE_SIGN_STYLE = Automatic;
				DEVELOPMENT_TEAM = MW9LW989JF;
				INFOPLIST_FILE = InstagramClone/Info.plist;
				LD_RUNPATH_SEARCH_PATHS = (
					"$(inherited)",
					"@executable_path/Frameworks",
				);
				PRODUCT_BUNDLE_IDENTIFIER = com.LongNguyen39.InstagramClone;
				PRODUCT_NAME = "$(TARGET_NAME)";
				SWIFT_VERSION = 5.0;
				TARGETED_DEVICE_FAMILY = 1;
			};
			name = Release;
		};
/* End XCBuildConfiguration section */

/* Begin XCConfigurationList section */
		413DAB5425ECB1B600F545B2 /* Build configuration list for PBXProject "InstagramClone" */ = {
			isa = XCConfigurationList;
			buildConfigurations = (
				413DAB6B25ECB1B700F545B2 /* Debug */,
				413DAB6C25ECB1B700F545B2 /* Release */,
			);
			defaultConfigurationIsVisible = 0;
			defaultConfigurationName = Release;
		};
		413DAB6D25ECB1B700F545B2 /* Build configuration list for PBXNativeTarget "InstagramClone" */ = {
			isa = XCConfigurationList;
			buildConfigurations = (
				413DAB6E25ECB1B700F545B2 /* Debug */,
				413DAB6F25ECB1B700F545B2 /* Release */,
			);
			defaultConfigurationIsVisible = 0;
			defaultConfigurationName = Release;
		};
/* End XCConfigurationList section */
	};
	rootObject = 413DAB5125ECB1B600F545B2 /* Project object */;
}
